
Microsoft Visual Studio Solution File, Format Version 12.00
# Visual Studio 15
VisualStudioVersion = 15.0.28010.2019
MinimumVisualStudioVersion = 10.0.40219.1
Project("{FAE04EC0-301F-11D3-BF4B-00C04F79EFBC}") = "FieldValidation", "FieldValidation\FieldValidation.csproj", "{D5496B2C-9CEC-4DED-8A92-5DA6C63AF38C}"
EndProject
Project("{FAE04EC0-301F-11D3-BF4B-00C04F79EFBC}") = "FieldValidationTest", "FieldValidationTest\FieldValidationTest.csproj", "{0CAC87C5-0E4E-4247-9BCB-FF783E919E25}"
EndProject
Project("{2150E333-8FDC-42A3-9474-1A3956D46DE8}") = "Solution Items", "Solution Items", "{9F17F616-FDFF-4149-8FB8-9A46E6446EDE}"
	ProjectSection(SolutionItems) = preProject
		..\..\..\..\..\..\Downloads\emailstates.gif = ..\..\..\..\..\..\Downloads\emailstates.gif
		Reeks 7 en 8.txt = Reeks 7 en 8.txt
	EndProjectSection
EndProject
Global
	GlobalSection(SolutionConfigurationPlatforms) = preSolution
		Debug|Any CPU = Debug|Any CPU
		Release|Any CPU = Release|Any CPU
	EndGlobalSection
	GlobalSection(ProjectConfigurationPlatforms) = postSolution
		{D5496B2C-9CEC-4DED-8A92-5DA6C63AF38C}.Debug|Any CPU.ActiveCfg = Debug|Any CPU
		{D5496B2C-9CEC-4DED-8A92-5DA6C63AF38C}.Debug|Any CPU.Build.0 = Debug|Any CPU
		{D5496B2C-9CEC-4DED-8A92-5DA6C63AF38C}.Release|Any CPU.ActiveCfg = Release|Any CPU
		{D5496B2C-9CEC-4DED-8A92-5DA6C63AF38C}.Release|Any CPU.Build.0 = Release|Any CPU
		{0CAC87C5-0E4E-4247-9BCB-FF783E919E25}.Debug|Any CPU.ActiveCfg = Debug|Any CPU
		{0CAC87C5-0E4E-4247-9BCB-FF783E919E25}.Debug|Any CPU.Build.0 = Debug|Any CPU
		{0CAC87C5-0E4E-4247-9BCB-FF783E919E25}.Release|Any CPU.ActiveCfg = Release|Any CPU
		{0CAC87C5-0E4E-4247-9BCB-FF783E919E25}.Release|Any CPU.Build.0 = Release|Any CPU
	EndGlobalSection
	GlobalSection(SolutionProperties) = preSolution
		HideSolutionNode = FALSE
	EndGlobalSection
	GlobalSection(ExtensibilityGlobals) = postSolution
		SolutionGuid = {CF168903-ECED-440F-88B2-9C44C514828E}
	EndGlobalSection
EndGlobal
